
Microsoft Visual Studio Solution File, Format Version 12.00
# Visual Studio Version 17
VisualStudioVersion = 17.9.34723.18
MinimumVisualStudioVersion = 10.0.40219.1
Project("{FAE04EC0-301F-11D3-BF4B-00C04F79EFBC}") = "MdPDF", "MdPDF.csproj", "{7294846E-6469-46A3-B4F0-632AD86D874A}"
EndProject
Global
	GlobalSection(SolutionConfigurationPlatforms) = preSolution
		Debug|Any CPU = Debug|Any CPU
		Release|Any CPU = Release|Any CPU
	EndGlobalSection
	GlobalSection(ProjectConfigurationPlatforms) = postSolution
		{7294846E-6469-46A3-B4F0-632AD86D874A}.Debug|Any CPU.ActiveCfg = Debug|Any CPU
		{7294846E-6469-46A3-B4F0-632AD86D874A}.Debug|Any CPU.Build.0 = Debug|Any CPU
		{7294846E-6469-46A3-B4F0-632AD86D874A}.Release|Any CPU.ActiveCfg = Release|Any CPU
		{7294846E-6469-46A3-B4F0-632AD86D874A}.Release|Any CPU.Build.0 = Release|Any CPU
	EndGlobalSection
	GlobalSection(SolutionProperties) = preSolution
		HideSolutionNode = FALSE
	EndGlobalSection
	GlobalSection(ExtensibilityGlobals) = postSolution
		SolutionGuid = {F4ADCE17-4D94-4283-B306-0C6DC5770D1A}
	EndGlobalSection
EndGlobal
